{
  "nodes": {
    "naersk": {
      "inputs": {
        "nixpkgs": "nixpkgs"
      },
      "locked": {
        "lastModified": 1623324658,
        "narHash": "sha256-TjWmZPH/xbUi7Xuj2EigB9sTOpqsiFmnv7m6+QgTDrA=",
        "owner": "nmattia",
        "repo": "naersk",
        "rev": "4f7426c362809e472d03c369d3674317c32b6863",
        "type": "github"
      },
      "original": {
        "owner": "nmattia",
        "repo": "naersk",
        "type": "github"
      }
    },
    "nixpkgs": {
      "locked": {
        "lastModified": 1623330979,
        "narHash": "sha256-UQD8P6lSfDx2RnP4Ss2biPDwlz19UQb9qOqjhesFSLk=",
        "owner": "NixOS",
        "repo": "nixpkgs",
        "rev": "5e78bbcb4926bc9e35a85573ea362aec1fa9b7ac",
        "type": "github"
      },
      "original": {
        "id": "nixpkgs",
        "type": "indirect"
      }
    },
    "nixpkgs_2": {
      "locked": {
        "lastModified": 1623330979,
        "narHash": "sha256-UQD8P6lSfDx2RnP4Ss2biPDwlz19UQb9qOqjhesFSLk=",
        "owner": "nixos",
        "repo": "nixpkgs",
        "rev": "5e78bbcb4926bc9e35a85573ea362aec1fa9b7ac",
        "type": "github"
      },
      "original": {
        "owner": "nixos",
        "repo": "nixpkgs",
        "type": "github"
      }
    },
    "root": {
      "inputs": {
        "naersk": "naersk",
        "nixpkgs": "nixpkgs_2",
        "utils": "utils"
      }
    },
    "utils": {
      "locked": {
        "lastModified": 1622445595,
        "narHash": "sha256-m+JRe6Wc5OZ/mKw2bB3+Tl0ZbtyxxxfnAWln8Q5qs+Y=",
        "owner": "numtide",
        "repo": "flake-utils",
        "rev": "7d706970d94bc5559077eb1a6600afddcd25a7c8",
        "type": "github"
      },
      "original": {
        "owner": "numtide",
        "repo": "flake-utils",
        "type": "github"
      }
    }
  },
  "root": "root",
  "version": 7
}
