{
    "name": "peer-record-fixtures",
    "version": "1.0.0",
    "lockfileVersion": 3,
    "requires": true,
    "packages": {
        "": {
            "name": "peer-record-fixtures",
            "version": "1.0.0",
            "dependencies": {
                "@libp2p/crypto": "^5.0.6",
                "@libp2p/peer-id": "^5.0.7",
                "@libp2p/peer-record": "^8.0.35",
                "@multiformats/multiaddr": "^12.0.0"
            }
        },
        "node_modules/@chainsafe/is-ip": {
            "version": "2.1.0",
            "resolved": "https://registry.npmjs.org/@chainsafe/is-ip/-/is-ip-2.1.0.tgz",
            "integrity": "sha512-KIjt+6IfysQ4GCv66xihEitBjvhU/bixbbbFxdJ1sqCp4uJ0wuZiYBPhksZoy4lfaF0k9cwNzY5upEW/VWdw3w=="
        },
        "node_modules/@chainsafe/netmask": {
            "version": "2.0.0",
            "resolved": "https://registry.npmjs.org/@chainsafe/netmask/-/netmask-2.0.0.tgz",
            "integrity": "sha512-I3Z+6SWUoaljh3TBzCnCxjlUyN8tA+NAk5L6m9IxvCf1BENQTePzPMis97CoN/iMW1St3WN+AWCCRp+TTBRiDg==",
            "dependencies": {
                "@chainsafe/is-ip": "^2.0.1"
            }
        },
        "node_modules/@leichtgewicht/ip-codec": {
            "version": "2.0.5",
            "resolved": "https://registry.npmjs.org/@leichtgewicht/ip-codec/-/ip-codec-2.0.5.tgz",
            "integrity": "sha512-Vo+PSpZG2/fmgmiNzYK9qWRh8h/CHrwD0mo1h1DzL4yzHNSfWYujGTYsWGreD000gcgmZ7K4Ys6Tx9TxtsKdDw=="
        },
        "node_modules/@libp2p/crypto": {
            "version": "5.1.13",
            "resolved": "https://registry.npmjs.org/@libp2p/crypto/-/crypto-5.1.13.tgz",
            "integrity": "sha512-8NN9cQP3jDn+p9+QE9ByiEoZ2lemDFf/unTgiKmS3JF93ph240EUVdbCyyEgOMfykzb0okTM4gzvwfx9osJebQ==",
            "dependencies": {
                "@libp2p/interface": "^3.1.0",
                "@noble/curves": "^2.0.1",
                "@noble/hashes": "^2.0.1",
                "multiformats": "^13.4.0",
                "protons-runtime": "^5.6.0",
                "uint8arraylist": "^2.4.8",
                "uint8arrays": "^5.1.0"
            }
        },
        "node_modules/@libp2p/interface": {
            "version": "3.1.0",
            "resolved": "https://registry.npmjs.org/@libp2p/interface/-/interface-3.1.0.tgz",
            "integrity": "sha512-RE7/XyvC47fQBe1cHxhMvepYKa5bFCUyFrrpj8PuM0E7JtzxU7F+Du5j4VXbg2yLDcToe0+j8mB7jvwE2AThYw==",
            "dependencies": {
                "@multiformats/dns": "^1.0.6",
                "@multiformats/multiaddr": "^13.0.1",
                "main-event": "^1.0.1",
                "multiformats": "^13.4.0",
                "progress-events": "^1.0.1",
                "uint8arraylist": "^2.4.8"
            }
        },
        "node_modules/@libp2p/interface/node_modules/@multiformats/multiaddr": {
            "version": "13.0.1",
            "resolved": "https://registry.npmjs.org/@multiformats/multiaddr/-/multiaddr-13.0.1.tgz",
            "integrity": "sha512-XToN915cnfr6Lr9EdGWakGJbPT0ghpg/850HvdC+zFX8XvpLZElwa8synCiwa8TuvKNnny6m8j8NVBNCxhIO3g==",
            "dependencies": {
                "@chainsafe/is-ip": "^2.0.1",
                "multiformats": "^13.0.0",
                "uint8-varint": "^2.0.1",
                "uint8arrays": "^5.0.0"
            }
        },
        "node_modules/@libp2p/logger": {
            "version": "5.2.0",
            "resolved": "https://registry.npmjs.org/@libp2p/logger/-/logger-5.2.0.tgz",
            "integrity": "sha512-OEFS529CnIKfbWEHmuCNESw9q0D0hL8cQ8klQfjIVPur15RcgAEgc1buQ7Y6l0B6tCYg120bp55+e9tGvn8c0g==",
            "dependencies": {
                "@libp2p/interface": "^2.11.0",
                "@multiformats/multiaddr": "^12.4.4",
                "interface-datastore": "^8.3.1",
                "multiformats": "^13.3.6",
                "weald": "^1.0.4"
            }
        },
        "node_modules/@libp2p/logger/node_modules/@libp2p/interface": {
            "version": "2.11.0",
            "resolved": "https://registry.npmjs.org/@libp2p/interface/-/interface-2.11.0.tgz",
            "integrity": "sha512-0MUFKoXWHTQW3oWIgSHApmYMUKWO/Y02+7Hpyp+n3z+geD4Xo2Rku2gYWmxcq+Pyjkz6Q9YjDWz3Yb2SoV2E8Q==",
            "dependencies": {
                "@multiformats/dns": "^1.0.6",
                "@multiformats/multiaddr": "^12.4.4",
                "it-pushable": "^3.2.3",
                "it-stream-types": "^2.0.2",
                "main-event": "^1.0.1",
                "multiformats": "^13.3.6",
                "progress-events": "^1.0.1",
                "uint8arraylist": "^2.4.8"
            }
        },
        "node_modules/@libp2p/peer-id": {
            "version": "5.1.9",
            "resolved": "https://registry.npmjs.org/@libp2p/peer-id/-/peer-id-5.1.9.tgz",
            "integrity": "sha512-cVDp7lX187Epmi/zr0Qq2RsEMmueswP9eIxYSFoMcHL/qcvRFhsxOfUGB8361E26s2WJvC9sXZ0oJS9XVueJhQ==",
            "dependencies": {
                "@libp2p/crypto": "^5.1.8",
                "@libp2p/interface": "^2.11.0",
                "multiformats": "^13.3.6",
                "uint8arrays": "^5.1.0"
            }
        },
        "node_modules/@libp2p/peer-id/node_modules/@libp2p/interface": {
            "version": "2.11.0",
            "resolved": "https://registry.npmjs.org/@libp2p/interface/-/interface-2.11.0.tgz",
            "integrity": "sha512-0MUFKoXWHTQW3oWIgSHApmYMUKWO/Y02+7Hpyp+n3z+geD4Xo2Rku2gYWmxcq+Pyjkz6Q9YjDWz3Yb2SoV2E8Q==",
            "dependencies": {
                "@multiformats/dns": "^1.0.6",
                "@multiformats/multiaddr": "^12.4.4",
                "it-pushable": "^3.2.3",
                "it-stream-types": "^2.0.2",
                "main-event": "^1.0.1",
                "multiformats": "^13.3.6",
                "progress-events": "^1.0.1",
                "uint8arraylist": "^2.4.8"
            }
        },
        "node_modules/@libp2p/peer-record": {
            "version": "8.0.35",
            "resolved": "https://registry.npmjs.org/@libp2p/peer-record/-/peer-record-8.0.35.tgz",
            "integrity": "sha512-0818zvjKbucq5XBnusG8oSWxJ992rVry/2qlfcn/nyK/uDrZ12tjDYHNMCoOWTNeFvFUVkMg9pRkvXvTNp6Yiw==",
            "dependencies": {
                "@libp2p/crypto": "^5.1.8",
                "@libp2p/interface": "^2.11.0",
                "@libp2p/peer-id": "^5.1.9",
                "@libp2p/utils": "^6.7.2",
                "@multiformats/multiaddr": "^12.4.4",
                "multiformats": "^13.3.6",
                "protons-runtime": "^5.5.0",
                "uint8-varint": "^2.0.4",
                "uint8arraylist": "^2.4.8",
                "uint8arrays": "^5.1.0"
            }
        },
        "node_modules/@libp2p/peer-record/node_modules/@libp2p/interface": {
            "version": "2.11.0",
            "resolved": "https://registry.npmjs.org/@libp2p/interface/-/interface-2.11.0.tgz",
            "integrity": "sha512-0MUFKoXWHTQW3oWIgSHApmYMUKWO/Y02+7Hpyp+n3z+geD4Xo2Rku2gYWmxcq+Pyjkz6Q9YjDWz3Yb2SoV2E8Q==",
            "dependencies": {
                "@multiformats/dns": "^1.0.6",
                "@multiformats/multiaddr": "^12.4.4",
                "it-pushable": "^3.2.3",
                "it-stream-types": "^2.0.2",
                "main-event": "^1.0.1",
                "multiformats": "^13.3.6",
                "progress-events": "^1.0.1",
                "uint8arraylist": "^2.4.8"
            }
        },
        "node_modules/@libp2p/utils": {
            "version": "6.7.2",
            "resolved": "https://registry.npmjs.org/@libp2p/utils/-/utils-6.7.2.tgz",
            "integrity": "sha512-yglVPcYErb4al3MMTdedVLLsdUvr5KaqrrxohxTl/FXMFBvBs0o3w8lo29nfnTUpnNSHFhWZ9at0ZGNnpT/C/w==",
            "dependencies": {
                "@chainsafe/is-ip": "^2.1.0",
                "@chainsafe/netmask": "^2.0.0",
                "@libp2p/crypto": "^5.1.8",
                "@libp2p/interface": "^2.11.0",
                "@libp2p/logger": "^5.2.0",
                "@multiformats/multiaddr": "^12.4.4",
                "@sindresorhus/fnv1a": "^3.1.0",
                "any-signal": "^4.1.1",
                "delay": "^6.0.0",
                "get-iterator": "^2.0.1",
                "is-loopback-addr": "^2.0.2",
                "is-plain-obj": "^4.1.0",
                "it-foreach": "^2.1.3",
                "it-pipe": "^3.0.1",
                "it-pushable": "^3.2.3",
                "it-stream-types": "^2.0.2",
                "main-event": "^1.0.1",
                "netmask": "^2.0.2",
                "p-defer": "^4.0.1",
                "race-event": "^1.3.0",
                "race-signal": "^1.1.3",
                "uint8arraylist": "^2.4.8",
                "uint8arrays": "^5.1.0"
            }
        },
        "node_modules/@libp2p/utils/node_modules/@libp2p/interface": {
            "version": "2.11.0",
            "resolved": "https://registry.npmjs.org/@libp2p/interface/-/interface-2.11.0.tgz",
            "integrity": "sha512-0MUFKoXWHTQW3oWIgSHApmYMUKWO/Y02+7Hpyp+n3z+geD4Xo2Rku2gYWmxcq+Pyjkz6Q9YjDWz3Yb2SoV2E8Q==",
            "dependencies": {
                "@multiformats/dns": "^1.0.6",
                "@multiformats/multiaddr": "^12.4.4",
                "it-pushable": "^3.2.3",
                "it-stream-types": "^2.0.2",
                "main-event": "^1.0.1",
                "multiformats": "^13.3.6",
                "progress-events": "^1.0.1",
                "uint8arraylist": "^2.4.8"
            }
        },
        "node_modules/@multiformats/dns": {
            "version": "1.0.10",
            "resolved": "https://registry.npmjs.org/@multiformats/dns/-/dns-1.0.10.tgz",
            "integrity": "sha512-6X200ceQLns0b/CU0S/So16tGjB5eIXHJ1xvJMPoWaKFHWSgfpW2EhkWJrqap4U3+c37zcowVR0ToPXeYEL7Vw==",
            "dependencies": {
                "buffer": "^6.0.3",
                "dns-packet": "^5.6.1",
                "hashlru": "^2.3.0",
                "p-queue": "^9.0.0",
                "progress-events": "^1.0.0",
                "uint8arrays": "^5.0.2"
            }
        },
        "node_modules/@multiformats/multiaddr": {
            "version": "12.5.1",
            "resolved": "https://registry.npmjs.org/@multiformats/multiaddr/-/multiaddr-12.5.1.tgz",
            "integrity": "sha512-+DDlr9LIRUS8KncI1TX/FfUn8F2dl6BIxJgshS/yFQCNB5IAF0OGzcwB39g5NLE22s4qqDePv0Qof6HdpJ/4aQ==",
            "dependencies": {
                "@chainsafe/is-ip": "^2.0.1",
                "@chainsafe/netmask": "^2.0.0",
                "@multiformats/dns": "^1.0.3",
                "abort-error": "^1.0.1",
                "multiformats": "^13.0.0",
                "uint8-varint": "^2.0.1",
                "uint8arrays": "^5.0.0"
            }
        },
        "node_modules/@noble/curves": {
            "version": "2.0.1",
            "resolved": "https://registry.npmjs.org/@noble/curves/-/curves-2.0.1.tgz",
            "integrity": "sha512-vs1Az2OOTBiP4q0pwjW5aF0xp9n4MxVrmkFBxc6EKZc6ddYx5gaZiAsZoq0uRRXWbi3AT/sBqn05eRPtn1JCPw==",
            "dependencies": {
                "@noble/hashes": "2.0.1"
            },
            "engines": {
                "node": ">= 20.19.0"
            },
            "funding": {
                "url": "https://paulmillr.com/funding/"
            }
        },
        "node_modules/@noble/hashes": {
            "version": "2.0.1",
            "resolved": "https://registry.npmjs.org/@noble/hashes/-/hashes-2.0.1.tgz",
            "integrity": "sha512-XlOlEbQcE9fmuXxrVTXCTlG2nlRXa9Rj3rr5Ue/+tX+nmkgbX720YHh0VR3hBF9xDvwnb8D2shVGOwNx+ulArw==",
            "engines": {
                "node": ">= 20.19.0"
            },
            "funding": {
                "url": "https://paulmillr.com/funding/"
            }
        },
        "node_modules/@sindresorhus/fnv1a": {
            "version": "3.1.0",
            "resolved": "https://registry.npmjs.org/@sindresorhus/fnv1a/-/fnv1a-3.1.0.tgz",
            "integrity": "sha512-KV321z5m/0nuAg83W1dPLy85HpHDk7Sdi4fJbwvacWsEhAh+rZUW4ZfGcXmUIvjZg4ss2bcwNlRhJ7GBEUG08w==",
            "engines": {
                "node": "^12.20.0 || ^14.13.1 || >=16.0.0"
            },
            "funding": {
                "url": "https://github.com/sponsors/sindresorhus"
            }
        },
        "node_modules/abort-error": {
            "version": "1.0.1",
            "resolved": "https://registry.npmjs.org/abort-error/-/abort-error-1.0.1.tgz",
            "integrity": "sha512-fxqCblJiIPdSXIUrxI0PL+eJG49QdP9SQ70qtB65MVAoMr2rASlOyAbJFOylfB467F/f+5BCLJJq58RYi7mGfg=="
        },
        "node_modules/any-signal": {
            "version": "4.1.1",
            "resolved": "https://registry.npmjs.org/any-signal/-/any-signal-4.1.1.tgz",
            "integrity": "sha512-iADenERppdC+A2YKbOXXB2WUeABLaM6qnpZ70kZbPZ1cZMMJ7eF+3CaYm+/PhBizgkzlvssC7QuHS30oOiQYWA==",
            "engines": {
                "node": ">=16.0.0",
                "npm": ">=7.0.0"
            }
        },
        "node_modules/base64-js": {
            "version": "1.5.1",
            "resolved": "https://registry.npmjs.org/base64-js/-/base64-js-1.5.1.tgz",
            "integrity": "sha512-AKpaYlHn8t4SVbOHCy+b5+KKgvR4vrsD8vbvrbiQJps7fKDTkjkDry6ji0rUJjC0kzbNePLwzxq8iypo41qeWA==",
            "funding": [
                {
                    "type": "github",
                    "url": "https://github.com/sponsors/feross"
                },
                {
                    "type": "patreon",
                    "url": "https://www.patreon.com/feross"
                },
                {
                    "type": "consulting",
                    "url": "https://feross.org/support"
                }
            ]
        },
        "node_modules/buffer": {
            "version": "6.0.3",
            "resolved": "https://registry.npmjs.org/buffer/-/buffer-6.0.3.tgz",
            "integrity": "sha512-FTiCpNxtwiZZHEZbcbTIcZjERVICn9yq/pDFkTl95/AxzD1naBctN7YO68riM/gLSDY7sdrMby8hofADYuuqOA==",
            "funding": [
                {
                    "type": "github",
                    "url": "https://github.com/sponsors/feross"
                },
                {
                    "type": "patreon",
                    "url": "https://www.patreon.com/feross"
                },
                {
                    "type": "consulting",
                    "url": "https://feross.org/support"
                }
            ],
            "dependencies": {
                "base64-js": "^1.3.1",
                "ieee754": "^1.2.1"
            }
        },
        "node_modules/delay": {
            "version": "6.0.0",
            "resolved": "https://registry.npmjs.org/delay/-/delay-6.0.0.tgz",
            "integrity": "sha512-2NJozoOHQ4NuZuVIr5CWd0iiLVIRSDepakaovIN+9eIDHEhdCAEvSy2cuf1DCrPPQLvHmbqTHODlhHg8UCy4zw==",
            "engines": {
                "node": ">=16"
            },
            "funding": {
                "url": "https://github.com/sponsors/sindresorhus"
            }
        },
        "node_modules/dns-packet": {
            "version": "5.6.1",
            "resolved": "https://registry.npmjs.org/dns-packet/-/dns-packet-5.6.1.tgz",
            "integrity": "sha512-l4gcSouhcgIKRvyy99RNVOgxXiicE+2jZoNmaNmZ6JXiGajBOJAesk1OBlJuM5k2c+eudGdLxDqXuPCKIj6kpw==",
            "dependencies": {
                "@leichtgewicht/ip-codec": "^2.0.1"
            },
            "engines": {
                "node": ">=6"
            }
        },
        "node_modules/eventemitter3": {
            "version": "5.0.1",
            "resolved": "https://registry.npmjs.org/eventemitter3/-/eventemitter3-5.0.1.tgz",
            "integrity": "sha512-GWkBvjiSZK87ELrYOSESUYeVIc9mvLLf/nXalMOS5dYrgZq9o5OVkbZAVM06CVxYsCwH9BDZFPlQTlPA1j4ahA=="
        },
        "node_modules/get-iterator": {
            "version": "2.0.1",
            "resolved": "https://registry.npmjs.org/get-iterator/-/get-iterator-2.0.1.tgz",
            "integrity": "sha512-7HuY/hebu4gryTDT7O/XY/fvY9wRByEGdK6QOa4of8npTcv0+NS6frFKABcf6S9EBAsveTuKTsZQQBFMMNILIg=="
        },
        "node_modules/hashlru": {
            "version": "2.3.0",
            "resolved": "https://registry.npmjs.org/hashlru/-/hashlru-2.3.0.tgz",
            "integrity": "sha512-0cMsjjIC8I+D3M44pOQdsy0OHXGLVz6Z0beRuufhKa0KfaD2wGwAev6jILzXsd3/vpnNQJmWyZtIILqM1N+n5A=="
        },
        "node_modules/ieee754": {
            "version": "1.2.1",
            "resolved": "https://registry.npmjs.org/ieee754/-/ieee754-1.2.1.tgz",
            "integrity": "sha512-dcyqhDvX1C46lXZcVqCpK+FtMRQVdIMN6/Df5js2zouUsqG7I6sFxitIC+7KYK29KdXOLHdu9zL4sFnoVQnqaA==",
            "funding": [
                {
                    "type": "github",
                    "url": "https://github.com/sponsors/feross"
                },
                {
                    "type": "patreon",
                    "url": "https://www.patreon.com/feross"
                },
                {
                    "type": "consulting",
                    "url": "https://feross.org/support"
                }
            ]
        },
        "node_modules/interface-datastore": {
            "version": "8.3.2",
            "resolved": "https://registry.npmjs.org/interface-datastore/-/interface-datastore-8.3.2.tgz",
            "integrity": "sha512-R3NLts7pRbJKc3qFdQf+u40hK8XWc0w4Qkx3OFEstC80VoaDUABY/dXA2EJPhtNC+bsrf41Ehvqb6+pnIclyRA==",
            "dependencies": {
                "interface-store": "^6.0.0",
                "uint8arrays": "^5.1.0"
            }
        },
        "node_modules/interface-store": {
            "version": "6.0.3",
            "resolved": "https://registry.npmjs.org/interface-store/-/interface-store-6.0.3.tgz",
            "integrity": "sha512-+WvfEZnFUhRwFxgz+QCQi7UC6o9AM0EHM9bpIe2Nhqb100NHCsTvNAn4eJgvgV2/tmLo1MP9nGxQKEcZTAueLA=="
        },
        "node_modules/is-loopback-addr": {
            "version": "2.0.2",
            "resolved": "https://registry.npmjs.org/is-loopback-addr/-/is-loopback-addr-2.0.2.tgz",
            "integrity": "sha512-26POf2KRCno/KTNL5Q0b/9TYnL00xEsSaLfiFRmjM7m7Lw7ZMmFybzzuX4CcsLAluZGd+niLUiMRxEooVE3aqg=="
        },
        "node_modules/is-plain-obj": {
            "version": "4.1.0",
            "resolved": "https://registry.npmjs.org/is-plain-obj/-/is-plain-obj-4.1.0.tgz",
            "integrity": "sha512-+Pgi+vMuUNkJyExiMBt5IlFoMyKnr5zhJ4Uspz58WOhBF5QoIZkFyNHIbBAtHwzVAgk5RtndVNsDRN61/mmDqg==",
            "engines": {
                "node": ">=12"
            },
            "funding": {
                "url": "https://github.com/sponsors/sindresorhus"
            }
        },
        "node_modules/it-foreach": {
            "version": "2.1.4",
            "resolved": "https://registry.npmjs.org/it-foreach/-/it-foreach-2.1.4.tgz",
            "integrity": "sha512-gFntBbNLpVK9uDmaHusugICD8/Pp+OCqbF5q1Z8K+B8WaG20YgMePWbMxI1I25+JmNWWr3hk0ecKyiI9pOLgeA==",
            "dependencies": {
                "it-peekable": "^3.0.0"
            }
        },
        "node_modules/it-merge": {
            "version": "3.0.12",
            "resolved": "https://registry.npmjs.org/it-merge/-/it-merge-3.0.12.tgz",
            "integrity": "sha512-nnnFSUxKlkZVZD7c0jYw6rDxCcAQYcMsFj27thf7KkDhpj0EA0g9KHPxbFzHuDoc6US2EPS/MtplkNj8sbCx4Q==",
            "dependencies": {
                "it-queueless-pushable": "^2.0.0"
            }
        },
        "node_modules/it-peekable": {
            "version": "3.0.8",
            "resolved": "https://registry.npmjs.org/it-peekable/-/it-peekable-3.0.8.tgz",
            "integrity": "sha512-7IDBQKSp/dtBxXV3Fj0v3qM1jftJ9y9XrWLRIuU1X6RdKqWiN60syNwP0fiDxZD97b8SYM58dD3uklIk1TTQAw=="
        },
        "node_modules/it-pipe": {
            "version": "3.0.1",
            "resolved": "https://registry.npmjs.org/it-pipe/-/it-pipe-3.0.1.tgz",
            "integrity": "sha512-sIoNrQl1qSRg2seYSBH/3QxWhJFn9PKYvOf/bHdtCBF0bnghey44VyASsWzn5dAx0DCDDABq1hZIuzKmtBZmKA==",
            "dependencies": {
                "it-merge": "^3.0.0",
                "it-pushable": "^3.1.2",
                "it-stream-types": "^2.0.1"
            },
            "engines": {
                "node": ">=16.0.0",
                "npm": ">=7.0.0"
            }
        },
        "node_modules/it-pushable": {
            "version": "3.2.3",
            "resolved": "https://registry.npmjs.org/it-pushable/-/it-pushable-3.2.3.tgz",
            "integrity": "sha512-gzYnXYK8Y5t5b/BnJUr7glfQLO4U5vyb05gPx/TyTw+4Bv1zM9gFk4YsOrnulWefMewlphCjKkakFvj1y99Tcg==",
            "dependencies": {
                "p-defer": "^4.0.0"
            }
        },
        "node_modules/it-queueless-pushable": {
            "version": "2.0.2",
            "resolved": "https://registry.npmjs.org/it-queueless-pushable/-/it-queueless-pushable-2.0.2.tgz",
            "integrity": "sha512-2BqIt7XvDdgEgudLAdJkdseAwbVSBc0yAd8yPVHrll4eBuJPWIj9+8C3OIxzEKwhswLtd3bi+yLrzgw9gCyxMA==",
            "dependencies": {
                "abort-error": "^1.0.1",
                "p-defer": "^4.0.1",
                "race-signal": "^1.1.3"
            }
        },
        "node_modules/it-stream-types": {
            "version": "2.0.2",
            "resolved": "https://registry.npmjs.org/it-stream-types/-/it-stream-types-2.0.2.tgz",
            "integrity": "sha512-Rz/DEZ6Byn/r9+/SBCuJhpPATDF9D+dz5pbgSUyBsCDtza6wtNATrz/jz1gDyNanC3XdLboriHnOC925bZRBww=="
        },
        "node_modules/main-event": {
            "version": "1.0.1",
            "resolved": "https://registry.npmjs.org/main-event/-/main-event-1.0.1.tgz",
            "integrity": "sha512-NWtdGrAca/69fm6DIVd8T9rtfDII4Q8NQbIbsKQq2VzS9eqOGYs8uaNQjcuaCq/d9H/o625aOTJX2Qoxzqw0Pw=="
        },
        "node_modules/ms": {
            "version": "3.0.0-canary.202508261828",
            "resolved": "https://registry.npmjs.org/ms/-/ms-3.0.0-canary.202508261828.tgz",
            "integrity": "sha512-NotsCoUCIUkojWCzQff4ttdCfIPoA1UGZsyQbi7KmqkNRfKCrvga8JJi2PknHymHOuor0cJSn/ylj52Cbt2IrQ==",
            "engines": {
                "node": ">=18"
            }
        },
        "node_modules/multiformats": {
            "version": "13.4.1",
            "resolved": "https://registry.npmjs.org/multiformats/-/multiformats-13.4.1.tgz",
            "integrity": "sha512-VqO6OSvLrFVAYYjgsr8tyv62/rCQhPgsZUXLTqoFLSgdkgiUYKYeArbt1uWLlEpkjxQe+P0+sHlbPEte1Bi06Q=="
        },
        "node_modules/netmask": {
            "version": "2.0.2",
            "resolved": "https://registry.npmjs.org/netmask/-/netmask-2.0.2.tgz",
            "integrity": "sha512-dBpDMdxv9Irdq66304OLfEmQ9tbNRFnFTuZiLo+bD+r332bBmMJ8GBLXklIXXgxd3+v9+KUnZaUR5PJMa75Gsg==",
            "engines": {
                "node": ">= 0.4.0"
            }
        },
        "node_modules/p-defer": {
            "version": "4.0.1",
            "resolved": "https://registry.npmjs.org/p-defer/-/p-defer-4.0.1.tgz",
            "integrity": "sha512-Mr5KC5efvAK5VUptYEIopP1bakB85k2IWXaRC0rsh1uwn1L6M0LVml8OIQ4Gudg4oyZakf7FmeRLkMMtZW1i5A==",
            "engines": {
                "node": ">=12"
            },
            "funding": {
                "url": "https://github.com/sponsors/sindresorhus"
            }
        },
        "node_modules/p-queue": {
            "version": "9.0.0",
            "resolved": "https://registry.npmjs.org/p-queue/-/p-queue-9.0.0.tgz",
            "integrity": "sha512-KO1RyxstL9g1mK76530TExamZC/S2Glm080Nx8PE5sTd7nlduDQsAfEl4uXX+qZjLiwvDauvzXavufy3+rJ9zQ==",
            "dependencies": {
                "eventemitter3": "^5.0.1",
                "p-timeout": "^7.0.0"
            },
            "engines": {
                "node": ">=20"
            },
            "funding": {
                "url": "https://github.com/sponsors/sindresorhus"
            }
        },
        "node_modules/p-timeout": {
            "version": "7.0.1",
            "resolved": "https://registry.npmjs.org/p-timeout/-/p-timeout-7.0.1.tgz",
            "integrity": "sha512-AxTM2wDGORHGEkPCt8yqxOTMgpfbEHqF51f/5fJCmwFC3C/zNcGT63SymH2ttOAaiIws2zVg4+izQCjrakcwHg==",
            "engines": {
                "node": ">=20"
            },
            "funding": {
                "url": "https://github.com/sponsors/sindresorhus"
            }
        },
        "node_modules/progress-events": {
            "version": "1.0.1",
            "resolved": "https://registry.npmjs.org/progress-events/-/progress-events-1.0.1.tgz",
            "integrity": "sha512-MOzLIwhpt64KIVN64h1MwdKWiyKFNc/S6BoYKPIVUHFg0/eIEyBulhWCgn678v/4c0ri3FdGuzXymNCv02MUIw=="
        },
        "node_modules/protons-runtime": {
            "version": "5.6.0",
            "resolved": "https://registry.npmjs.org/protons-runtime/-/protons-runtime-5.6.0.tgz",
            "integrity": "sha512-/Kde+sB9DsMFrddJT/UZWe6XqvL7SL5dbag/DBCElFKhkwDj7XKt53S+mzLyaDP5OqS0wXjV5SA572uWDaT0Hg==",
            "dependencies": {
                "uint8-varint": "^2.0.2",
                "uint8arraylist": "^2.4.3",
                "uint8arrays": "^5.0.1"
            }
        },
        "node_modules/race-event": {
            "version": "1.6.1",
            "resolved": "https://registry.npmjs.org/race-event/-/race-event-1.6.1.tgz",
            "integrity": "sha512-vi7WH5g5KoTFpu2mme/HqZiWH14XSOtg5rfp6raBskBHl7wnmy3F/biAIyY5MsK+BHWhoPhxtZ1Y2R7OHHaWyQ==",
            "dependencies": {
                "abort-error": "^1.0.1"
            }
        },
        "node_modules/race-signal": {
            "version": "1.1.3",
            "resolved": "https://registry.npmjs.org/race-signal/-/race-signal-1.1.3.tgz",
            "integrity": "sha512-Mt2NznMgepLfORijhQMncE26IhkmjEphig+/1fKC0OtaKwys/gpvpmswSjoN01SS+VO951mj0L4VIDXdXsjnfA=="
        },
        "node_modules/supports-color": {
            "version": "10.2.2",
            "resolved": "https://registry.npmjs.org/supports-color/-/supports-color-10.2.2.tgz",
            "integrity": "sha512-SS+jx45GF1QjgEXQx4NJZV9ImqmO2NPz5FNsIHrsDjh2YsHnawpan7SNQ1o8NuhrbHZy9AZhIoCUiCeaW/C80g==",
            "engines": {
                "node": ">=18"
            },
            "funding": {
                "url": "https://github.com/chalk/supports-color?sponsor=1"
            }
        },
        "node_modules/uint8-varint": {
            "version": "2.0.4",
            "resolved": "https://registry.npmjs.org/uint8-varint/-/uint8-varint-2.0.4.tgz",
            "integrity": "sha512-FwpTa7ZGA/f/EssWAb5/YV6pHgVF1fViKdW8cWaEarjB8t7NyofSWBdOTyFPaGuUG4gx3v1O3PQ8etsiOs3lcw==",
            "dependencies": {
                "uint8arraylist": "^2.0.0",
                "uint8arrays": "^5.0.0"
            }
        },
        "node_modules/uint8arraylist": {
            "version": "2.4.8",
            "resolved": "https://registry.npmjs.org/uint8arraylist/-/uint8arraylist-2.4.8.tgz",
            "integrity": "sha512-vc1PlGOzglLF0eae1M8mLRTBivsvrGsdmJ5RbK3e+QRvRLOZfZhQROTwH/OfyF3+ZVUg9/8hE8bmKP2CvP9quQ==",
            "dependencies": {
                "uint8arrays": "^5.0.1"
            }
        },
        "node_modules/uint8arrays": {
            "version": "5.1.0",
            "resolved": "https://registry.npmjs.org/uint8arrays/-/uint8arrays-5.1.0.tgz",
            "integrity": "sha512-vA6nFepEmlSKkMBnLBaUMVvAC4G3CTmO58C12y4sq6WPDOR7mOFYOi7GlrQ4djeSbP6JG9Pv9tJDM97PedRSww==",
            "dependencies": {
                "multiformats": "^13.0.0"
            }
        },
        "node_modules/weald": {
            "version": "1.1.1",
            "resolved": "https://registry.npmjs.org/weald/-/weald-1.1.1.tgz",
            "integrity": "sha512-PaEQShzMCz8J/AD2N3dJMc1hTZWkJeLKS2NMeiVkV5KDHwgZe7qXLEzyodsT/SODxWDdXJJqocuwf3kHzcXhSQ==",
            "dependencies": {
                "ms": "^3.0.0-canary.1",
                "supports-color": "^10.0.0"
            }
        }
    }
}
